
Microsoft Visual Studio Solution File, Format Version 12.00
# Visual Studio Version 17
VisualStudioVersion = 17.8.34525.116
MinimumVisualStudioVersion = 10.0.40219.1
Project("{FAE04EC0-301F-11D3-BF4B-00C04F79EFBC}") = "DoceboClient", "DoceboClient.csproj", "{C94A313B-759C-4335-86D0-13C4CBB0E9EC}"
EndProject
Global
	GlobalSection(SolutionConfigurationPlatforms) = preSolution
		Debug|Any CPU = Debug|Any CPU
		Release|Any CPU = Release|Any CPU
	EndGlobalSection
	GlobalSection(ProjectConfigurationPlatforms) = postSolution
		{C94A313B-759C-4335-86D0-13C4CBB0E9EC}.Debug|Any CPU.ActiveCfg = Debug|Any CPU
		{C94A313B-759C-4335-86D0-13C4CBB0E9EC}.Debug|Any CPU.Build.0 = Debug|Any CPU
		{C94A313B-759C-4335-86D0-13C4CBB0E9EC}.Release|Any CPU.ActiveCfg = Release|Any CPU
		{C94A313B-759C-4335-86D0-13C4CBB0E9EC}.Release|Any CPU.Build.0 = Release|Any CPU
	EndGlobalSection
	GlobalSection(SolutionProperties) = preSolution
		HideSolutionNode = FALSE
	EndGlobalSection
	GlobalSection(ExtensibilityGlobals) = postSolution
		SolutionGuid = {0BEF5CE4-922C-49BF-851C-C2893CC61240}
	EndGlobalSection
EndGlobal
